
Microsoft Visual Studio Solution File, Format Version 12.00
# Visual Studio Version 17
VisualStudioVersion = 17.11.35312.102
MinimumVisualStudioVersion = 10.0.40219.1
Project("{9A19103F-16F7-4668-BE54-9A1E7A4F7556}") = "CellularAutomata", "CellularAutomata\CellularAutomata.csproj", "{88599842-A068-4293-9EB0-909DC126B06C}"
EndProject
Global
	GlobalSection(SolutionConfigurationPlatforms) = preSolution
		Debug|Any CPU = Debug|Any CPU
		Debug|x64 = Debug|x64
		Release|Any CPU = Release|Any CPU
		Release|x64 = Release|x64
	EndGlobalSection
	GlobalSection(ProjectConfigurationPlatforms) = postSolution
		{88599842-A068-4293-9EB0-909DC126B06C}.Debug|Any CPU.ActiveCfg = Debug|Any CPU
		{88599842-A068-4293-9EB0-909DC126B06C}.Debug|Any CPU.Build.0 = Debug|Any CPU
		{88599842-A068-4293-9EB0-909DC126B06C}.Debug|x64.ActiveCfg = Debug|x64
		{88599842-A068-4293-9EB0-909DC126B06C}.Debug|x64.Build.0 = Debug|x64
		{88599842-A068-4293-9EB0-909DC126B06C}.Release|Any CPU.ActiveCfg = Release|Any CPU
		{88599842-A068-4293-9EB0-909DC126B06C}.Release|Any CPU.Build.0 = Release|Any CPU
		{88599842-A068-4293-9EB0-909DC126B06C}.Release|x64.ActiveCfg = Release|x64
		{88599842-A068-4293-9EB0-909DC126B06C}.Release|x64.Build.0 = Release|x64
	EndGlobalSection
	GlobalSection(SolutionProperties) = preSolution
		HideSolutionNode = FALSE
	EndGlobalSection
	GlobalSection(ExtensibilityGlobals) = postSolution
		SolutionGuid = {DABD8DB0-D676-416F-BFE3-6E8AB06D77AB}
	EndGlobalSection
EndGlobal
