
Microsoft Visual Studio Solution File, Format Version 12.00
# Visual Studio Version 17
VisualStudioVersion = 17.11.35312.102
MinimumVisualStudioVersion = 10.0.40219.1
Project("{FAE04EC0-301F-11D3-BF4B-00C04F79EFBC}") = "CellularAutomata", "CellularAutomata\CellularAutomata.csproj", "{88599842-A068-4293-9EB0-909DC126B06C}"
EndProject
Global
	GlobalSection(SolutionConfigurationPlatforms) = preSolution
		Debug|Any CPU = Debug|Any CPU
		Release|Any CPU = Release|Any CPU
	EndGlobalSection
	GlobalSection(ProjectConfigurationPlatforms) = postSolution
		{88599842-A068-4293-9EB0-909DC126B06C}.Debug|Any CPU.ActiveCfg = Debug|Any CPU
		{88599842-A068-4293-9EB0-909DC126B06C}.Debug|Any CPU.Build.0 = Debug|Any CPU
		{88599842-A068-4293-9EB0-909DC126B06C}.Release|Any CPU.ActiveCfg = Release|Any CPU
		{88599842-A068-4293-9EB0-909DC126B06C}.Release|Any CPU.Build.0 = Release|Any CPU
	EndGlobalSection
	GlobalSection(SolutionProperties) = preSolution
		HideSolutionNode = FALSE
	EndGlobalSection
	GlobalSection(ExtensibilityGlobals) = postSolution
		SolutionGuid = {DABD8DB0-D676-416F-BFE3-6E8AB06D77AB}
	EndGlobalSection
EndGlobal
